PODS:
  - Capacitor (6.1.0):
    - CapacitorCordova
  - CapacitorApp (6.0.0):
    - Capacitor
  - CapacitorCordova (6.1.0)
  - CapacitorHaptics (6.0.0):
    - Capacitor
  - CapacitorKeyboard (6.0.1):
    - Capacitor
  - CapacitorStatusBar (6.0.0):
    - Capacitor
  - CblIonic (0.2.2):
    - Capacitor
    - CouchbaseLite-Swift-Enterprise (~> 3.1)
  - CouchbaseLite-Swift-Enterprise (3.1.6)

DEPENDENCIES:
  - "Capacitor (from `../../node_modules/@capacitor/ios`)"
  - "CapacitorApp (from `../../node_modules/@capacitor/app`)"
  - "CapacitorCordova (from `../../node_modules/@capacitor/ios`)"
  - "CapacitorHaptics (from `../../node_modules/@capacitor/haptics`)"
  - "CapacitorKeyboard (from `../../node_modules/@capacitor/keyboard`)"
  - "CapacitorStatusBar (from `../../node_modules/@capacitor/status-bar`)"
  - CblIonic (from `../../../cbl-ionic`)

SPEC REPOS:
  trunk:
    - CouchbaseLite-Swift-Enterprise

EXTERNAL SOURCES:
  Capacitor:
    :path: "../../node_modules/@capacitor/ios"
  CapacitorApp:
    :path: "../../node_modules/@capacitor/app"
  CapacitorCordova:
    :path: "../../node_modules/@capacitor/ios"
  CapacitorHaptics:
    :path: "../../node_modules/@capacitor/haptics"
  CapacitorKeyboard:
    :path: "../../node_modules/@capacitor/keyboard"
  CapacitorStatusBar:
    :path: "../../node_modules/@capacitor/status-bar"
  CblIonic:
    :path: "../../../cbl-ionic"

SPEC CHECKSUMS:
  Capacitor: 187bd7847b6f71467015a20200a1a071be3e5f14
  CapacitorApp: 9d53aec7101f7b030a950c5bdc4df8612576b279
  CapacitorCordova: be703980ca797f847c3356f78fa175d21c8330c2
  CapacitorHaptics: 9ebc9363f0e9b8eb4295088a0b474530acf1859b
  CapacitorKeyboard: 5f32a712adf41e07a61caafb82cf29fb6d8ba123
  CapacitorStatusBar: 2e4369f99166125435641b1908d05f561eaba6f6
  CblIonic: 33aab2acf06375d2c6b9e966403a3cbc5ccae8b4
  CouchbaseLite-Swift-Enterprise: b8307cadbfa16df0f8c208199453354595ca45c7

PODFILE CHECKSUM: 0feb90328e24a323e47cb4dc5581ce62e289a13e

COCOAPODS: 1.15.2
